
Microsoft Visual Studio Solution File, Format Version 12.00
# Visual Studio Version 16
VisualStudioVersion = 16.0.28711.60
MinimumVisualStudioVersion = 10.0.40219.1
Project("{9A19103F-16F7-4668-BE54-9A1E7A4F7556}") = "AV.Core", "AV.Core\AV.Core.csproj", "{4BFCF14D-D0AF-4E34-AB85-97A16A9248BA}"
EndProject
Project("{2150E333-8FDC-42A3-9474-1A3956D46DE8}") = "SolutionFiles", "SolutionFiles", "{5DBB146A-D82B-4577-B4C7-5D5B01D961A7}"
	ProjectSection(SolutionItems) = preProject
		.gitignore = .gitignore
		conventions.ruleset = conventions.ruleset
		NuGet-PublishAllLocally.ps1 = NuGet-PublishAllLocally.ps1
		NuGet-PublishOneLocally.ps1 = NuGet-PublishOneLocally.ps1
		NuGet-Setup.ps1 = NuGet-Setup.ps1
		readme.md = readme.md
		stylecop.json = stylecop.json
	EndProjectSection
EndProject
Project("{9A19103F-16F7-4668-BE54-9A1E7A4F7556}") = "AV.Source", "AV.Source\AV.Source.csproj", "{757844AB-080E-4E5F-ACB3-70F932B52333}"
EndProject
Project("{9A19103F-16F7-4668-BE54-9A1E7A4F7556}") = "AV.UnitTests", "AV.UnitTests\AV.UnitTests.csproj", "{5A9ED6C8-647E-420C-ABE8-8BF958515877}"
EndProject
Project("{FAE04EC0-301F-11D3-BF4B-00C04F79EFBC}") = "AV.Extensions", "AV.Extensions\AV.Extensions.csproj", "{08D7F52B-9EDD-438C-AD34-FBDC645D2E1D}"
EndProject
Global
	GlobalSection(SolutionConfigurationPlatforms) = preSolution
		Debug|Any CPU = Debug|Any CPU
		Debug|ARM = Debug|ARM
		Debug|ARM64 = Debug|ARM64
		Debug|x64 = Debug|x64
		Debug|x86 = Debug|x86
		Release|Any CPU = Release|Any CPU
		Release|ARM = Release|ARM
		Release|ARM64 = Release|ARM64
		Release|x64 = Release|x64
		Release|x86 = Release|x86
	EndGlobalSection
	GlobalSection(ProjectConfigurationPlatforms) = postSolution
		{4BFCF14D-D0AF-4E34-AB85-97A16A9248BA}.Debug|Any CPU.ActiveCfg = Debug|Any CPU
		{4BFCF14D-D0AF-4E34-AB85-97A16A9248BA}.Debug|Any CPU.Build.0 = Debug|Any CPU
		{4BFCF14D-D0AF-4E34-AB85-97A16A9248BA}.Debug|ARM.ActiveCfg = Debug|Any CPU
		{4BFCF14D-D0AF-4E34-AB85-97A16A9248BA}.Debug|ARM.Build.0 = Debug|Any CPU
		{4BFCF14D-D0AF-4E34-AB85-97A16A9248BA}.Debug|ARM64.ActiveCfg = Debug|Any CPU
		{4BFCF14D-D0AF-4E34-AB85-97A16A9248BA}.Debug|ARM64.Build.0 = Debug|Any CPU
		{4BFCF14D-D0AF-4E34-AB85-97A16A9248BA}.Debug|x64.ActiveCfg = Debug|Any CPU
		{4BFCF14D-D0AF-4E34-AB85-97A16A9248BA}.Debug|x64.Build.0 = Debug|Any CPU
		{4BFCF14D-D0AF-4E34-AB85-97A16A9248BA}.Debug|x86.ActiveCfg = Debug|Any CPU
		{4BFCF14D-D0AF-4E34-AB85-97A16A9248BA}.Debug|x86.Build.0 = Debug|Any CPU
		{4BFCF14D-D0AF-4E34-AB85-97A16A9248BA}.Release|Any CPU.ActiveCfg = Release|Any CPU
		{4BFCF14D-D0AF-4E34-AB85-97A16A9248BA}.Release|Any CPU.Build.0 = Release|Any CPU
		{4BFCF14D-D0AF-4E34-AB85-97A16A9248BA}.Release|ARM.ActiveCfg = Release|Any CPU
		{4BFCF14D-D0AF-4E34-AB85-97A16A9248BA}.Release|ARM.Build.0 = Release|Any CPU
		{4BFCF14D-D0AF-4E34-AB85-97A16A9248BA}.Release|ARM64.ActiveCfg = Release|Any CPU
		{4BFCF14D-D0AF-4E34-AB85-97A16A9248BA}.Release|ARM64.Build.0 = Release|Any CPU
		{4BFCF14D-D0AF-4E34-AB85-97A16A9248BA}.Release|x64.ActiveCfg = Release|Any CPU
		{4BFCF14D-D0AF-4E34-AB85-97A16A9248BA}.Release|x64.Build.0 = Release|Any CPU
		{4BFCF14D-D0AF-4E34-AB85-97A16A9248BA}.Release|x86.ActiveCfg = Release|Any CPU
		{4BFCF14D-D0AF-4E34-AB85-97A16A9248BA}.Release|x86.Build.0 = Release|Any CPU
		{757844AB-080E-4E5F-ACB3-70F932B52333}.Debug|Any CPU.ActiveCfg = Debug|Any CPU
		{757844AB-080E-4E5F-ACB3-70F932B52333}.Debug|Any CPU.Build.0 = Debug|Any CPU
		{757844AB-080E-4E5F-ACB3-70F932B52333}.Debug|ARM.ActiveCfg = Debug|Any CPU
		{757844AB-080E-4E5F-ACB3-70F932B52333}.Debug|ARM.Build.0 = Debug|Any CPU
		{757844AB-080E-4E5F-ACB3-70F932B52333}.Debug|ARM64.ActiveCfg = Debug|Any CPU
		{757844AB-080E-4E5F-ACB3-70F932B52333}.Debug|ARM64.Build.0 = Debug|Any CPU
		{757844AB-080E-4E5F-ACB3-70F932B52333}.Debug|x64.ActiveCfg = Debug|Any CPU
		{757844AB-080E-4E5F-ACB3-70F932B52333}.Debug|x64.Build.0 = Debug|Any CPU
		{757844AB-080E-4E5F-ACB3-70F932B52333}.Debug|x86.ActiveCfg = Debug|Any CPU
		{757844AB-080E-4E5F-ACB3-70F932B52333}.Debug|x86.Build.0 = Debug|Any CPU
		{757844AB-080E-4E5F-ACB3-70F932B52333}.Release|Any CPU.ActiveCfg = Release|Any CPU
		{757844AB-080E-4E5F-ACB3-70F932B52333}.Release|Any CPU.Build.0 = Release|Any CPU
		{757844AB-080E-4E5F-ACB3-70F932B52333}.Release|ARM.ActiveCfg = Release|Any CPU
		{757844AB-080E-4E5F-ACB3-70F932B52333}.Release|ARM.Build.0 = Release|Any CPU
		{757844AB-080E-4E5F-ACB3-70F932B52333}.Release|ARM64.ActiveCfg = Release|Any CPU
		{757844AB-080E-4E5F-ACB3-70F932B52333}.Release|ARM64.Build.0 = Release|Any CPU
		{757844AB-080E-4E5F-ACB3-70F932B52333}.Release|x64.ActiveCfg = Release|Any CPU
		{757844AB-080E-4E5F-ACB3-70F932B52333}.Release|x64.Build.0 = Release|Any CPU
		{757844AB-080E-4E5F-ACB3-70F932B52333}.Release|x86.ActiveCfg = Release|Any CPU
		{757844AB-080E-4E5F-ACB3-70F932B52333}.Release|x86.Build.0 = Release|Any CPU
		{5A9ED6C8-647E-420C-ABE8-8BF958515877}.Debug|Any CPU.ActiveCfg = Debug|Any CPU
		{5A9ED6C8-647E-420C-ABE8-8BF958515877}.Debug|Any CPU.Build.0 = Debug|Any CPU
		{5A9ED6C8-647E-420C-ABE8-8BF958515877}.Debug|ARM.ActiveCfg = Debug|Any CPU
		{5A9ED6C8-647E-420C-ABE8-8BF958515877}.Debug|ARM.Build.0 = Debug|Any CPU
		{5A9ED6C8-647E-420C-ABE8-8BF958515877}.Debug|ARM64.ActiveCfg = Debug|Any CPU
		{5A9ED6C8-647E-420C-ABE8-8BF958515877}.Debug|ARM64.Build.0 = Debug|Any CPU
		{5A9ED6C8-647E-420C-ABE8-8BF958515877}.Debug|x64.ActiveCfg = Debug|Any CPU
		{5A9ED6C8-647E-420C-ABE8-8BF958515877}.Debug|x64.Build.0 = Debug|Any CPU
		{5A9ED6C8-647E-420C-ABE8-8BF958515877}.Debug|x86.ActiveCfg = Debug|Any CPU
		{5A9ED6C8-647E-420C-ABE8-8BF958515877}.Debug|x86.Build.0 = Debug|Any CPU
		{5A9ED6C8-647E-420C-ABE8-8BF958515877}.Release|Any CPU.ActiveCfg = Release|Any CPU
		{5A9ED6C8-647E-420C-ABE8-8BF958515877}.Release|Any CPU.Build.0 = Release|Any CPU
		{5A9ED6C8-647E-420C-ABE8-8BF958515877}.Release|ARM.ActiveCfg = Release|Any CPU
		{5A9ED6C8-647E-420C-ABE8-8BF958515877}.Release|ARM.Build.0 = Release|Any CPU
		{5A9ED6C8-647E-420C-ABE8-8BF958515877}.Release|ARM64.ActiveCfg = Release|Any CPU
		{5A9ED6C8-647E-420C-ABE8-8BF958515877}.Release|ARM64.Build.0 = Release|Any CPU
		{5A9ED6C8-647E-420C-ABE8-8BF958515877}.Release|x64.ActiveCfg = Release|Any CPU
		{5A9ED6C8-647E-420C-ABE8-8BF958515877}.Release|x64.Build.0 = Release|Any CPU
		{5A9ED6C8-647E-420C-ABE8-8BF958515877}.Release|x86.ActiveCfg = Release|Any CPU
		{5A9ED6C8-647E-420C-ABE8-8BF958515877}.Release|x86.Build.0 = Release|Any CPU
		{08D7F52B-9EDD-438C-AD34-FBDC645D2E1D}.Debug|Any CPU.ActiveCfg = Debug|Any CPU
		{08D7F52B-9EDD-438C-AD34-FBDC645D2E1D}.Debug|Any CPU.Build.0 = Debug|Any CPU
		{08D7F52B-9EDD-438C-AD34-FBDC645D2E1D}.Debug|ARM.ActiveCfg = Debug|Any CPU
		{08D7F52B-9EDD-438C-AD34-FBDC645D2E1D}.Debug|ARM.Build.0 = Debug|Any CPU
		{08D7F52B-9EDD-438C-AD34-FBDC645D2E1D}.Debug|ARM64.ActiveCfg = Debug|Any CPU
		{08D7F52B-9EDD-438C-AD34-FBDC645D2E1D}.Debug|ARM64.Build.0 = Debug|Any CPU
		{08D7F52B-9EDD-438C-AD34-FBDC645D2E1D}.Debug|x64.ActiveCfg = Debug|Any CPU
		{08D7F52B-9EDD-438C-AD34-FBDC645D2E1D}.Debug|x64.Build.0 = Debug|Any CPU
		{08D7F52B-9EDD-438C-AD34-FBDC645D2E1D}.Debug|x86.ActiveCfg = Debug|Any CPU
		{08D7F52B-9EDD-438C-AD34-FBDC645D2E1D}.Debug|x86.Build.0 = Debug|Any CPU
		{08D7F52B-9EDD-438C-AD34-FBDC645D2E1D}.Release|Any CPU.ActiveCfg = Release|Any CPU
		{08D7F52B-9EDD-438C-AD34-FBDC645D2E1D}.Release|Any CPU.Build.0 = Release|Any CPU
		{08D7F52B-9EDD-438C-AD34-FBDC645D2E1D}.Release|ARM.ActiveCfg = Release|Any CPU
		{08D7F52B-9EDD-438C-AD34-FBDC645D2E1D}.Release|ARM.Build.0 = Release|Any CPU
		{08D7F52B-9EDD-438C-AD34-FBDC645D2E1D}.Release|ARM64.ActiveCfg = Release|Any CPU
		{08D7F52B-9EDD-438C-AD34-FBDC645D2E1D}.Release|ARM64.Build.0 = Release|Any CPU
		{08D7F52B-9EDD-438C-AD34-FBDC645D2E1D}.Release|x64.ActiveCfg = Release|Any CPU
		{08D7F52B-9EDD-438C-AD34-FBDC645D2E1D}.Release|x64.Build.0 = Release|Any CPU
		{08D7F52B-9EDD-438C-AD34-FBDC645D2E1D}.Release|x86.ActiveCfg = Release|Any CPU
		{08D7F52B-9EDD-438C-AD34-FBDC645D2E1D}.Release|x86.Build.0 = Release|Any CPU
	EndGlobalSection
	GlobalSection(SolutionProperties) = preSolution
		HideSolutionNode = FALSE
	EndGlobalSection
	GlobalSection(ExtensibilityGlobals) = postSolution
		SolutionGuid = {7E89E3EA-B5D6-4E75-8B7F-C1ED0D05D7D8}
	EndGlobalSection
	GlobalSection(Performance) = preSolution
		HasPerformanceSessions = true
	EndGlobalSection
EndGlobal
